{
  "meteor": {},
  "dependencies": {
    "basePackages": {
      "transactions": {
        "path": "../../meteor-packages/transactions"
      },
      "font-awesome": {},
      "bootstrap-3": {},
      "cron-tick": {},
      "accounts-ui-bootstrap-3": {}
    },
    "packages": {
      "transactions": {
        "path": "../../meteor-packages/transactions"
      },
      "font-awesome": {
        "git": "https://github.com/nate-strauser/meteor-font-awesome.git",
        "tag": "v4.0.3",
        "commit": "61e9361384347547ae144f8228faa4deffda23db"
      },
      "bootstrap-3": {
        "git": "https://github.com/mangasocial/meteor-bootstrap-3.git",
        "tag": "v3.1.1-1",
        "commit": "63dd38968828bb8963636df93e9a1c45e2dfe67e"
      },
      "cron-tick": {
        "git": "https://github.com/tmeasday/meteor-cron.git",
        "tag": "v0.0.4",
        "commit": "44cff9116af510fe53704fdeeff57c444ceb75ba"
      },
      "accounts-ui-bootstrap-3": {
        "git": "https://github.com/mangasocial/meteor-accounts-ui-bootstrap-3.git",
        "tag": "v0.3.0-1",
        "commit": "93ffa5d0e325dc7026de89f6d90c178fa04bdd3a"
      }
    }
  }
}
